
Microsoft Visual Studio Solution File, Format Version 12.00
# Visual Studio Version 16
VisualStudioVersion = 16.0.30804.86
MinimumVisualStudioVersion = 10.0.40219.1
Project("{9A19103F-16F7-4668-BE54-9A1E7A4F7556}") = "DatingApp.API", "DatingApp.API\DatingApp.API.csproj", "{0ACAF1ED-4CCF-46A7-9303-742CAC4D1388}"
EndProject
Project("{2150E333-8FDC-42A3-9474-1A3956D46DE8}") = "Solution Items", "Solution Items", "{F6816F47-D3FE-430B-A127-3E538AEF3F1E}"
	ProjectSection(SolutionItems) = preProject
		.editorconfig = .editorconfig
	EndProjectSection
EndProject
Project("{E24C65DC-7377-472B-9ABA-BC803B73C61A}") = "DatingApp-SPA", "DatingApp-SPA\", "{30906169-C60C-4DCA-BB6E-77174A07EF83}"
	ProjectSection(WebsiteProperties) = preProject
		TargetFrameworkMoniker = ".NETFramework,Version%3Dv4.0"
		Debug.AspNetCompiler.VirtualPath = "/localhost_61162"
		Debug.AspNetCompiler.PhysicalPath = "DatingApp-SPA\"
		Debug.AspNetCompiler.TargetPath = "PrecompiledWeb\localhost_61162\"
		Debug.AspNetCompiler.Updateable = "true"
		Debug.AspNetCompiler.ForceOverwrite = "true"
		Debug.AspNetCompiler.FixedNames = "false"
		Debug.AspNetCompiler.Debug = "True"
		Release.AspNetCompiler.VirtualPath = "/localhost_61162"
		Release.AspNetCompiler.PhysicalPath = "DatingApp-SPA\"
		Release.AspNetCompiler.TargetPath = "PrecompiledWeb\localhost_61162\"
		Release.AspNetCompiler.Updateable = "true"
		Release.AspNetCompiler.ForceOverwrite = "true"
		Release.AspNetCompiler.FixedNames = "false"
		Release.AspNetCompiler.Debug = "False"
		VWDPort = "61162"
		SlnRelativePath = "DatingApp-SPA\"
	EndProjectSection
EndProject
Global
	GlobalSection(SolutionConfigurationPlatforms) = preSolution
		Debug|Any CPU = Debug|Any CPU
		Release|Any CPU = Release|Any CPU
	EndGlobalSection
	GlobalSection(ProjectConfigurationPlatforms) = postSolution
		{0ACAF1ED-4CCF-46A7-9303-742CAC4D1388}.Debug|Any CPU.ActiveCfg = Debug|Any CPU
		{0ACAF1ED-4CCF-46A7-9303-742CAC4D1388}.Debug|Any CPU.Build.0 = Debug|Any CPU
		{0ACAF1ED-4CCF-46A7-9303-742CAC4D1388}.Release|Any CPU.ActiveCfg = Release|Any CPU
		{0ACAF1ED-4CCF-46A7-9303-742CAC4D1388}.Release|Any CPU.Build.0 = Release|Any CPU
		{30906169-C60C-4DCA-BB6E-77174A07EF83}.Debug|Any CPU.ActiveCfg = Debug|Any CPU
		{30906169-C60C-4DCA-BB6E-77174A07EF83}.Debug|Any CPU.Build.0 = Debug|Any CPU
		{30906169-C60C-4DCA-BB6E-77174A07EF83}.Release|Any CPU.ActiveCfg = Debug|Any CPU
		{30906169-C60C-4DCA-BB6E-77174A07EF83}.Release|Any CPU.Build.0 = Debug|Any CPU
	EndGlobalSection
	GlobalSection(SolutionProperties) = preSolution
		HideSolutionNode = FALSE
	EndGlobalSection
	GlobalSection(ExtensibilityGlobals) = postSolution
		SolutionGuid = {EED70327-9361-4B54-935E-628D1CA40DF5}
	EndGlobalSection
EndGlobal
